
Microsoft Visual Studio Solution File, Format Version 12.00
# Visual Studio Version 17
VisualStudioVersion = 17.11.35222.181
MinimumVisualStudioVersion = 10.0.40219.1
Project("{9A19103F-16F7-4668-BE54-9A1E7A4F7556}") = "AstroNET", "AstroNET.csproj", "{03BFDD4B-EAE4-4225-91D0-06E235A0BA3C}"
EndProject
Project("{9A19103F-16F7-4668-BE54-9A1E7A4F7556}") = "Backend", "..\Backend_BusinessAppSharpBuilder\Backend.csproj", "{968D9E0E-2E4D-4168-B794-B562538FD6E2}"
EndProject
Project("{9A19103F-16F7-4668-BE54-9A1E7A4F7556}") = "FrontEnd", "..\DesktopBusinessAppSharpBuilder\FrontEnd.csproj", "{6A2B6F06-D059-4431-BB9B-630B21023C4D}"
EndProject
Project("{9A19103F-16F7-4668-BE54-9A1E7A4F7556}") = "AstroNETLibrary", "..\AstroNETLibrary\AstroNETLibrary.csproj", "{993A29BC-8C29-452E-9D06-40ED5D32BFE3}"
EndProject
Global
	GlobalSection(SolutionConfigurationPlatforms) = preSolution
		Debug|Any CPU = Debug|Any CPU
		Release|Any CPU = Release|Any CPU
	EndGlobalSection
	GlobalSection(ProjectConfigurationPlatforms) = postSolution
		{03BFDD4B-EAE4-4225-91D0-06E235A0BA3C}.Debug|Any CPU.ActiveCfg = Debug|Any CPU
		{03BFDD4B-EAE4-4225-91D0-06E235A0BA3C}.Debug|Any CPU.Build.0 = Debug|Any CPU
		{03BFDD4B-EAE4-4225-91D0-06E235A0BA3C}.Release|Any CPU.ActiveCfg = Release|Any CPU
		{03BFDD4B-EAE4-4225-91D0-06E235A0BA3C}.Release|Any CPU.Build.0 = Release|Any CPU
		{968D9E0E-2E4D-4168-B794-B562538FD6E2}.Debug|Any CPU.ActiveCfg = Debug|Any CPU
		{968D9E0E-2E4D-4168-B794-B562538FD6E2}.Debug|Any CPU.Build.0 = Debug|Any CPU
		{968D9E0E-2E4D-4168-B794-B562538FD6E2}.Release|Any CPU.ActiveCfg = Release|Any CPU
		{968D9E0E-2E4D-4168-B794-B562538FD6E2}.Release|Any CPU.Build.0 = Release|Any CPU
		{6A2B6F06-D059-4431-BB9B-630B21023C4D}.Debug|Any CPU.ActiveCfg = Debug|Any CPU
		{6A2B6F06-D059-4431-BB9B-630B21023C4D}.Debug|Any CPU.Build.0 = Debug|Any CPU
		{6A2B6F06-D059-4431-BB9B-630B21023C4D}.Release|Any CPU.ActiveCfg = Release|Any CPU
		{6A2B6F06-D059-4431-BB9B-630B21023C4D}.Release|Any CPU.Build.0 = Release|Any CPU
		{993A29BC-8C29-452E-9D06-40ED5D32BFE3}.Debug|Any CPU.ActiveCfg = Debug|Any CPU
		{993A29BC-8C29-452E-9D06-40ED5D32BFE3}.Debug|Any CPU.Build.0 = Debug|Any CPU
		{993A29BC-8C29-452E-9D06-40ED5D32BFE3}.Release|Any CPU.ActiveCfg = Release|Any CPU
		{993A29BC-8C29-452E-9D06-40ED5D32BFE3}.Release|Any CPU.Build.0 = Release|Any CPU
	EndGlobalSection
	GlobalSection(SolutionProperties) = preSolution
		HideSolutionNode = FALSE
	EndGlobalSection
	GlobalSection(ExtensibilityGlobals) = postSolution
		SolutionGuid = {E901A480-EC34-4626-B1AF-68B5A1F75B1B}
	EndGlobalSection
EndGlobal
